
Microsoft Visual Studio Solution File, Format Version 12.00
# Visual Studio Version 17
VisualStudioVersion = 17.0.31612.314
MinimumVisualStudioVersion = 10.0.40219.1
Project("{8BC9CEB8-8B4A-11D0-8D11-00A0C91BC942}") = "Mafia Bar Engine", "Mafia Bar Engine\Mafia Bar Engine.vcxproj", "{6D3179E8-7F11-426D-82DC-C4F537AB73B4}"
EndProject
Project("{8BC9CEB8-8B4A-11D0-8D11-00A0C91BC942}") = "Engine_Toolkit", "Engine Toolkit\Engine Toolkit.vcxproj", "{C130B7A0-C684-410E-A686-8EC2030AF661}"
EndProject
Project("{8BC9CEB8-8B4A-11D0-8D11-00A0C91BC942}") = "Assembly_Engine_Toolkit", "Assembly_Engine_Toolkit\Assembly_Engine_Toolkit.vcxproj", "{7414BA41-BCD5-4794-8632-C96719320751}"
EndProject
Global
	GlobalSection(SolutionConfigurationPlatforms) = preSolution
		Debug|x64 = Debug|x64
		Debug|x86 = Debug|x86
		Release|x64 = Release|x64
		Release|x86 = Release|x86
	EndGlobalSection
	GlobalSection(ProjectConfigurationPlatforms) = postSolution
		{6D3179E8-7F11-426D-82DC-C4F537AB73B4}.Debug|x64.ActiveCfg = Debug|x64
		{6D3179E8-7F11-426D-82DC-C4F537AB73B4}.Debug|x64.Build.0 = Debug|x64
		{6D3179E8-7F11-426D-82DC-C4F537AB73B4}.Debug|x86.ActiveCfg = Debug|x64
		{6D3179E8-7F11-426D-82DC-C4F537AB73B4}.Release|x64.ActiveCfg = Release|x64
		{6D3179E8-7F11-426D-82DC-C4F537AB73B4}.Release|x64.Build.0 = Release|x64
		{6D3179E8-7F11-426D-82DC-C4F537AB73B4}.Release|x86.ActiveCfg = Release|x64
		{C130B7A0-C684-410E-A686-8EC2030AF661}.Debug|x64.ActiveCfg = Debug|x64
		{C130B7A0-C684-410E-A686-8EC2030AF661}.Debug|x64.Build.0 = Debug|x64
		{C130B7A0-C684-410E-A686-8EC2030AF661}.Debug|x86.ActiveCfg = Debug|x64
		{C130B7A0-C684-410E-A686-8EC2030AF661}.Release|x64.ActiveCfg = Release|x64
		{C130B7A0-C684-410E-A686-8EC2030AF661}.Release|x64.Build.0 = Release|x64
		{C130B7A0-C684-410E-A686-8EC2030AF661}.Release|x86.ActiveCfg = Release|x64
		{7414BA41-BCD5-4794-8632-C96719320751}.Debug|x64.ActiveCfg = Debug|x64
		{7414BA41-BCD5-4794-8632-C96719320751}.Debug|x64.Build.0 = Debug|x64
		{7414BA41-BCD5-4794-8632-C96719320751}.Debug|x86.ActiveCfg = Debug|Win32
		{7414BA41-BCD5-4794-8632-C96719320751}.Debug|x86.Build.0 = Debug|Win32
		{7414BA41-BCD5-4794-8632-C96719320751}.Release|x64.ActiveCfg = Release|x64
		{7414BA41-BCD5-4794-8632-C96719320751}.Release|x64.Build.0 = Release|x64
		{7414BA41-BCD5-4794-8632-C96719320751}.Release|x86.ActiveCfg = Release|Win32
		{7414BA41-BCD5-4794-8632-C96719320751}.Release|x86.Build.0 = Release|Win32
	EndGlobalSection
	GlobalSection(SolutionProperties) = preSolution
		HideSolutionNode = FALSE
	EndGlobalSection
	GlobalSection(ExtensibilityGlobals) = postSolution
		SolutionGuid = {768FE17D-BD1D-4A90-B474-1300DF23E4C1}
	EndGlobalSection
EndGlobal
