<?xml version="1.0" encoding="utf-8"?>
<Project ToolsVersion="4.0" xmlns="http://schemas.microsoft.com/developer/msbuild/2003">
  <ItemGroup>
    <Filter Include="System Information">
      <UniqueIdentifier>{dd9cfe54-6de6-4633-afb0-a3e47b94eae2}</UniqueIdentifier>
    </Filter>
    <Filter Include="Assistant, Log, Debug">
      <UniqueIdentifier>{ca710ff3-c154-4f7c-bc6b-5c3f6f82b060}</UniqueIdentifier>
    </Filter>
    <Filter Include="Keyboard">
      <UniqueIdentifier>{cdec1710-9b4a-4ce6-a88d-1df5d4c2a03c}</UniqueIdentifier>
    </Filter>
    <Filter Include="Mouse">
      <UniqueIdentifier>{215fd634-41f6-4780-a701-c4d04600131b}</UniqueIdentifier>
    </Filter>
  </ItemGroup>
  <ItemGroup>
    <ClInclude Include="Logger.h">
      <Filter>Assistant, Log, Debug</Filter>
    </ClInclude>
    <ClInclude Include="Exceptions.h">
      <Filter>Assistant, Log, Debug</Filter>
    </ClInclude>
    <ClInclude Include="Keyboard.h">
      <Filter>Keyboard</Filter>
    </ClInclude>
    <ClInclude Include="Engine_Toolkit.h" />
    <ClInclude Include="System_Informations.h">
      <Filter>System Information</Filter>
    </ClInclude>
    <ClInclude Include="Mouse.h">
      <Filter>Mouse</Filter>
    </ClInclude>
  </ItemGroup>
  <ItemGroup>
    <ClCompile Include="Engine_Toolkit.cpp" />
    <ClCompile Include="System_Informations.cpp">
      <Filter>System Information</Filter>
    </ClCompile>
    <ClCompile Include="Temp" />
  </ItemGroup>
</Project>